
Microsoft Visual Studio Solution File, Format Version 12.00
# Visual Studio Version 17
VisualStudioVersion = 17.9.34902.65
MinimumVisualStudioVersion = 10.0.40219.1
Project("{2150E333-8FDC-42A3-9474-1A3956D46DE8}") = "Gateway", "Gateway", "{F26DBCB0-274D-4AA4-A9D2-E49572264489}"
EndProject
Project("{9A19103F-16F7-4668-BE54-9A1E7A4F7556}") = "GatewayAPI", "GatewayAPI\GatewayAPI.csproj", "{26C1FE1C-6EE8-44C7-BEC2-1ADC2D511443}"
EndProject
Project("{2150E333-8FDC-42A3-9474-1A3956D46DE8}") = "Services", "Services", "{2E53158A-D7C8-4F23-AB36-15301B40C713}"
EndProject
Project("{2150E333-8FDC-42A3-9474-1A3956D46DE8}") = "Auth", "Auth", "{5A962230-07AA-4B3F-8D9C-EBF28C88D1C4}"
EndProject
Project("{FAE04EC0-301F-11D3-BF4B-00C04F79EFBC}") = "Core", "Services\Auth\Core\Core.csproj", "{26254831-9514-4409-AB86-7FAA47A1C0FE}"
EndProject
Project("{FAE04EC0-301F-11D3-BF4B-00C04F79EFBC}") = "Application", "Services\Auth\Application\Application.csproj", "{94A1520A-B7A9-4E86-B2FC-35E000ADCC40}"
EndProject
Project("{FAE04EC0-301F-11D3-BF4B-00C04F79EFBC}") = "Infrastructure", "Services\Auth\Infrastructure\Infrastructure.csproj", "{A4560645-5905-49A2-9B4D-95FB92992444}"
EndProject
Project("{FAE04EC0-301F-11D3-BF4B-00C04F79EFBC}") = "API", "Services\Auth\API\API.csproj", "{5CE2A8A7-44EF-4AC2-AC27-F008712CD3DF}"
EndProject
Project("{2150E333-8FDC-42A3-9474-1A3956D46DE8}") = "Product", "Product", "{E91D52FA-999F-45A4-A8C7-A366C1732F63}"
EndProject
Project("{FAE04EC0-301F-11D3-BF4B-00C04F79EFBC}") = "Core", "Services\Product\Core\Core.csproj", "{FD08BE27-53A7-407E-BEDF-0A51E86F0B15}"
EndProject
Project("{FAE04EC0-301F-11D3-BF4B-00C04F79EFBC}") = "Application", "Services\Product\Application\Application.csproj", "{91F653AF-937F-4044-8141-79D4C5366986}"
EndProject
Project("{FAE04EC0-301F-11D3-BF4B-00C04F79EFBC}") = "Infrastructure", "Services\Product\Infrastructure\Infrastructure.csproj", "{6165DCB4-4A10-4709-9420-BE2994E7657D}"
EndProject
Project("{FAE04EC0-301F-11D3-BF4B-00C04F79EFBC}") = "API", "Services\Product\API\API.csproj", "{DB3FB8F8-64C1-4C48-B280-F0DA081E3082}"
EndProject
Global
	GlobalSection(SolutionConfigurationPlatforms) = preSolution
		Debug|Any CPU = Debug|Any CPU
		Release|Any CPU = Release|Any CPU
	EndGlobalSection
	GlobalSection(ProjectConfigurationPlatforms) = postSolution
		{26C1FE1C-6EE8-44C7-BEC2-1ADC2D511443}.Debug|Any CPU.ActiveCfg = Debug|Any CPU
		{26C1FE1C-6EE8-44C7-BEC2-1ADC2D511443}.Debug|Any CPU.Build.0 = Debug|Any CPU
		{26C1FE1C-6EE8-44C7-BEC2-1ADC2D511443}.Release|Any CPU.ActiveCfg = Release|Any CPU
		{26C1FE1C-6EE8-44C7-BEC2-1ADC2D511443}.Release|Any CPU.Build.0 = Release|Any CPU
		{26254831-9514-4409-AB86-7FAA47A1C0FE}.Debug|Any CPU.ActiveCfg = Debug|Any CPU
		{26254831-9514-4409-AB86-7FAA47A1C0FE}.Debug|Any CPU.Build.0 = Debug|Any CPU
		{26254831-9514-4409-AB86-7FAA47A1C0FE}.Release|Any CPU.ActiveCfg = Release|Any CPU
		{26254831-9514-4409-AB86-7FAA47A1C0FE}.Release|Any CPU.Build.0 = Release|Any CPU
		{94A1520A-B7A9-4E86-B2FC-35E000ADCC40}.Debug|Any CPU.ActiveCfg = Debug|Any CPU
		{94A1520A-B7A9-4E86-B2FC-35E000ADCC40}.Debug|Any CPU.Build.0 = Debug|Any CPU
		{94A1520A-B7A9-4E86-B2FC-35E000ADCC40}.Release|Any CPU.ActiveCfg = Release|Any CPU
		{94A1520A-B7A9-4E86-B2FC-35E000ADCC40}.Release|Any CPU.Build.0 = Release|Any CPU
		{A4560645-5905-49A2-9B4D-95FB92992444}.Debug|Any CPU.ActiveCfg = Debug|Any CPU
		{A4560645-5905-49A2-9B4D-95FB92992444}.Debug|Any CPU.Build.0 = Debug|Any CPU
		{A4560645-5905-49A2-9B4D-95FB92992444}.Release|Any CPU.ActiveCfg = Release|Any CPU
		{A4560645-5905-49A2-9B4D-95FB92992444}.Release|Any CPU.Build.0 = Release|Any CPU
		{5CE2A8A7-44EF-4AC2-AC27-F008712CD3DF}.Debug|Any CPU.ActiveCfg = Debug|Any CPU
		{5CE2A8A7-44EF-4AC2-AC27-F008712CD3DF}.Debug|Any CPU.Build.0 = Debug|Any CPU
		{5CE2A8A7-44EF-4AC2-AC27-F008712CD3DF}.Release|Any CPU.ActiveCfg = Release|Any CPU
		{5CE2A8A7-44EF-4AC2-AC27-F008712CD3DF}.Release|Any CPU.Build.0 = Release|Any CPU
		{FD08BE27-53A7-407E-BEDF-0A51E86F0B15}.Debug|Any CPU.ActiveCfg = Debug|Any CPU
		{FD08BE27-53A7-407E-BEDF-0A51E86F0B15}.Debug|Any CPU.Build.0 = Debug|Any CPU
		{FD08BE27-53A7-407E-BEDF-0A51E86F0B15}.Release|Any CPU.ActiveCfg = Release|Any CPU
		{FD08BE27-53A7-407E-BEDF-0A51E86F0B15}.Release|Any CPU.Build.0 = Release|Any CPU
		{91F653AF-937F-4044-8141-79D4C5366986}.Debug|Any CPU.ActiveCfg = Debug|Any CPU
		{91F653AF-937F-4044-8141-79D4C5366986}.Debug|Any CPU.Build.0 = Debug|Any CPU
		{91F653AF-937F-4044-8141-79D4C5366986}.Release|Any CPU.ActiveCfg = Release|Any CPU
		{91F653AF-937F-4044-8141-79D4C5366986}.Release|Any CPU.Build.0 = Release|Any CPU
		{6165DCB4-4A10-4709-9420-BE2994E7657D}.Debug|Any CPU.ActiveCfg = Debug|Any CPU
		{6165DCB4-4A10-4709-9420-BE2994E7657D}.Debug|Any CPU.Build.0 = Debug|Any CPU
		{6165DCB4-4A10-4709-9420-BE2994E7657D}.Release|Any CPU.ActiveCfg = Release|Any CPU
		{6165DCB4-4A10-4709-9420-BE2994E7657D}.Release|Any CPU.Build.0 = Release|Any CPU
		{DB3FB8F8-64C1-4C48-B280-F0DA081E3082}.Debug|Any CPU.ActiveCfg = Debug|Any CPU
		{DB3FB8F8-64C1-4C48-B280-F0DA081E3082}.Debug|Any CPU.Build.0 = Debug|Any CPU
		{DB3FB8F8-64C1-4C48-B280-F0DA081E3082}.Release|Any CPU.ActiveCfg = Release|Any CPU
		{DB3FB8F8-64C1-4C48-B280-F0DA081E3082}.Release|Any CPU.Build.0 = Release|Any CPU
	EndGlobalSection
	GlobalSection(SolutionProperties) = preSolution
		HideSolutionNode = FALSE
	EndGlobalSection
	GlobalSection(NestedProjects) = preSolution
		{26C1FE1C-6EE8-44C7-BEC2-1ADC2D511443} = {F26DBCB0-274D-4AA4-A9D2-E49572264489}
		{5A962230-07AA-4B3F-8D9C-EBF28C88D1C4} = {2E53158A-D7C8-4F23-AB36-15301B40C713}
		{26254831-9514-4409-AB86-7FAA47A1C0FE} = {5A962230-07AA-4B3F-8D9C-EBF28C88D1C4}
		{94A1520A-B7A9-4E86-B2FC-35E000ADCC40} = {5A962230-07AA-4B3F-8D9C-EBF28C88D1C4}
		{A4560645-5905-49A2-9B4D-95FB92992444} = {5A962230-07AA-4B3F-8D9C-EBF28C88D1C4}
		{5CE2A8A7-44EF-4AC2-AC27-F008712CD3DF} = {5A962230-07AA-4B3F-8D9C-EBF28C88D1C4}
		{E91D52FA-999F-45A4-A8C7-A366C1732F63} = {2E53158A-D7C8-4F23-AB36-15301B40C713}
		{FD08BE27-53A7-407E-BEDF-0A51E86F0B15} = {E91D52FA-999F-45A4-A8C7-A366C1732F63}
		{91F653AF-937F-4044-8141-79D4C5366986} = {E91D52FA-999F-45A4-A8C7-A366C1732F63}
		{6165DCB4-4A10-4709-9420-BE2994E7657D} = {E91D52FA-999F-45A4-A8C7-A366C1732F63}
		{DB3FB8F8-64C1-4C48-B280-F0DA081E3082} = {E91D52FA-999F-45A4-A8C7-A366C1732F63}
	EndGlobalSection
	GlobalSection(ExtensibilityGlobals) = postSolution
		SolutionGuid = {B8759681-5817-4D74-99C0-22AEFDD1D538}
	EndGlobalSection
EndGlobal
